
Microsoft Visual Studio Solution File, Format Version 12.00
# Visual Studio Version 17
VisualStudioVersion = 17.8.34309.116
MinimumVisualStudioVersion = 10.0.40219.1
Project("{FAE04EC0-301F-11D3-BF4B-00C04F79EFBC}") = "toxs.roslyn.analyzers", "toxs.roslyn.analyzers\toxs.roslyn.analyzers.csproj", "{BC93BCCC-1E8B-479B-9F70-572A11CEAD49}"
EndProject
Project("{FAE04EC0-301F-11D3-BF4B-00C04F79EFBC}") = "toxs.roslyn.analyzers.CodeFixes", "toxs.roslyn.analyzers.CodeFixes\toxs.roslyn.analyzers.CodeFixes.csproj", "{0565C229-5D2A-4727-9AC5-BF05016BF12B}"
EndProject
Project("{FAE04EC0-301F-11D3-BF4B-00C04F79EFBC}") = "toxs.roslyn.analyzers.Package", "toxs.roslyn.analyzers.Package\toxs.roslyn.analyzers.Package.csproj", "{284A2555-2255-4B0B-BAF3-49ECEEB44982}"
EndProject
Project("{FAE04EC0-301F-11D3-BF4B-00C04F79EFBC}") = "toxs.roslyn.analyzers.Test", "toxs.roslyn.analyzers.Test\toxs.roslyn.analyzers.Test.csproj", "{D7C983A6-A1C0-48CB-A189-9C24E1B6C5E3}"
EndProject
Project("{FAE04EC0-301F-11D3-BF4B-00C04F79EFBC}") = "toxs.roslyn.analyzers.Vsix", "toxs.roslyn.analyzers.Vsix\toxs.roslyn.analyzers.Vsix.csproj", "{076C2BBC-BF24-40DD-B2D6-1FDAF509E6BC}"
EndProject
Global
	GlobalSection(SolutionConfigurationPlatforms) = preSolution
		Debug|Any CPU = Debug|Any CPU
		Release|Any CPU = Release|Any CPU
	EndGlobalSection
	GlobalSection(ProjectConfigurationPlatforms) = postSolution
		{BC93BCCC-1E8B-479B-9F70-572A11CEAD49}.Debug|Any CPU.ActiveCfg = Debug|Any CPU
		{BC93BCCC-1E8B-479B-9F70-572A11CEAD49}.Debug|Any CPU.Build.0 = Debug|Any CPU
		{BC93BCCC-1E8B-479B-9F70-572A11CEAD49}.Release|Any CPU.ActiveCfg = Release|Any CPU
		{BC93BCCC-1E8B-479B-9F70-572A11CEAD49}.Release|Any CPU.Build.0 = Release|Any CPU
		{0565C229-5D2A-4727-9AC5-BF05016BF12B}.Debug|Any CPU.ActiveCfg = Debug|Any CPU
		{0565C229-5D2A-4727-9AC5-BF05016BF12B}.Debug|Any CPU.Build.0 = Debug|Any CPU
		{0565C229-5D2A-4727-9AC5-BF05016BF12B}.Release|Any CPU.ActiveCfg = Release|Any CPU
		{0565C229-5D2A-4727-9AC5-BF05016BF12B}.Release|Any CPU.Build.0 = Release|Any CPU
		{284A2555-2255-4B0B-BAF3-49ECEEB44982}.Debug|Any CPU.ActiveCfg = Debug|Any CPU
		{284A2555-2255-4B0B-BAF3-49ECEEB44982}.Debug|Any CPU.Build.0 = Debug|Any CPU
		{284A2555-2255-4B0B-BAF3-49ECEEB44982}.Release|Any CPU.ActiveCfg = Release|Any CPU
		{284A2555-2255-4B0B-BAF3-49ECEEB44982}.Release|Any CPU.Build.0 = Release|Any CPU
		{D7C983A6-A1C0-48CB-A189-9C24E1B6C5E3}.Debug|Any CPU.ActiveCfg = Debug|Any CPU
		{D7C983A6-A1C0-48CB-A189-9C24E1B6C5E3}.Debug|Any CPU.Build.0 = Debug|Any CPU
		{D7C983A6-A1C0-48CB-A189-9C24E1B6C5E3}.Release|Any CPU.ActiveCfg = Release|Any CPU
		{D7C983A6-A1C0-48CB-A189-9C24E1B6C5E3}.Release|Any CPU.Build.0 = Release|Any CPU
		{076C2BBC-BF24-40DD-B2D6-1FDAF509E6BC}.Debug|Any CPU.ActiveCfg = Debug|Any CPU
		{076C2BBC-BF24-40DD-B2D6-1FDAF509E6BC}.Debug|Any CPU.Build.0 = Debug|Any CPU
		{076C2BBC-BF24-40DD-B2D6-1FDAF509E6BC}.Release|Any CPU.ActiveCfg = Release|Any CPU
		{076C2BBC-BF24-40DD-B2D6-1FDAF509E6BC}.Release|Any CPU.Build.0 = Release|Any CPU
	EndGlobalSection
	GlobalSection(SolutionProperties) = preSolution
		HideSolutionNode = FALSE
	EndGlobalSection
	GlobalSection(ExtensibilityGlobals) = postSolution
		SolutionGuid = {F2667C67-9CFD-4E9F-A2DB-38C1523D99D1}
	EndGlobalSection
EndGlobal
